// !$*UTF8*$!
{
	archiveVersion = 1;
	classes = {
	};
	objectVersion = 51;
	objects = {

/* Begin PBXBuildFile section */
		40014FE2BC9CC9246CF82CE6 /* Pods_Pixels.framework in Frameworks */ = {isa = PBXBuildFile; fileRef = 35CEDFDAFACB8D05D833BE50 /* Pods_Pixels.framework */; };
		DD0C80D6240D547F00DFC008 /* AppDelegate.swift in Sources */ = {isa = PBXBuildFile; fileRef = DD0C80D5240D547F00DFC008 /* AppDelegate.swift */; };
		DD0C80D8240D547F00DFC008 /* SceneDelegate.swift in Sources */ = {isa = PBXBuildFile; fileRef = DD0C80D7240D547F00DFC008 /* SceneDelegate.swift */; };
		DD0C80DD240D547F00DFC008 /* Main.storyboard in Resources */ = {isa = PBXBuildFile; fileRef = DD0C80DB240D547F00DFC008 /* Main.storyboard */; };
		DD0C80E2240D548100DFC008 /* LaunchScreen.storyboard in Resources */ = {isa = PBXBuildFile; fileRef = DD0C80E0240D548100DFC008 /* LaunchScreen.storyboard */; };
		DD0C80F2240EF19400DFC008 /* LoginScreenViewController.swift in Sources */ = {isa = PBXBuildFile; fileRef = DD0C80F1240EF19400DFC008 /* LoginScreenViewController.swift */; };
		DD0C80F4240EF19E00DFC008 /* SignupViewController.swift in Sources */ = {isa = PBXBuildFile; fileRef = DD0C80F3240EF19E00DFC008 /* SignupViewController.swift */; };
		DD0C80F6240EF1AF00DFC008 /* MemoriesViewController.swift in Sources */ = {isa = PBXBuildFile; fileRef = DD0C80F5240EF1AF00DFC008 /* MemoriesViewController.swift */; };
		DD0C80F8240EF1BC00DFC008 /* AddMemoryViewController.swift in Sources */ = {isa = PBXBuildFile; fileRef = DD0C80F7240EF1BC00DFC008 /* AddMemoryViewController.swift */; };
		DD0C80FB240F476600DFC008 /* Pixels.xcdatamodeld in Sources */ = {isa = PBXBuildFile; fileRef = DD0C80F9240F476600DFC008 /* Pixels.xcdatamodeld */; };
		DD0C80FD240F47CF00DFC008 /* CoreDataStack.swift in Sources */ = {isa = PBXBuildFile; fileRef = DD0C80FC240F47CF00DFC008 /* CoreDataStack.swift */; };
		DD0C80FF240F47DD00DFC008 /* Picture+Extension.swift in Sources */ = {isa = PBXBuildFile; fileRef = DD0C80FE240F47DD00DFC008 /* Picture+Extension.swift */; };
		DD0C8102240F494800DFC008 /* PixelController.swift in Sources */ = {isa = PBXBuildFile; fileRef = DD0C8101240F494800DFC008 /* PixelController.swift */; };
		DD0C8105240F694700DFC008 /* PictureCollectionViewCell.swift in Sources */ = {isa = PBXBuildFile; fileRef = DD0C8104240F694700DFC008 /* PictureCollectionViewCell.swift */; };
		DD0C810724106F5700DFC008 /* NSManagedObjectContext.swift in Sources */ = {isa = PBXBuildFile; fileRef = DD0C810624106F5700DFC008 /* NSManagedObjectContext.swift */; };
		DD0C810924107A3C00DFC008 /* CustomButtons.swift in Sources */ = {isa = PBXBuildFile; fileRef = DD0C810824107A3C00DFC008 /* CustomButtons.swift */; };
		DD0C810B2410B0C900DFC008 /* GoogleService-Info.plist in Resources */ = {isa = PBXBuildFile; fileRef = DD0C810A2410B0C900DFC008 /* GoogleService-Info.plist */; };
		DDB663712410C3EA00D9EDFE /* User+Convenience.swift in Sources */ = {isa = PBXBuildFile; fileRef = DDB663702410C3EA00D9EDFE /* User+Convenience.swift */; };
		DDB663732410CAD600D9EDFE /* PictureRepresentation.swift in Sources */ = {isa = PBXBuildFile; fileRef = DDB663722410CAD600D9EDFE /* PictureRepresentation.swift */; };
		DDB6637524115E7900D9EDFE /* http+secured.swift in Sources */ = {isa = PBXBuildFile; fileRef = DDB6637424115E7900D9EDFE /* http+secured.swift */; };
		DDB663772411804C00D9EDFE /* Assets.xcassets in Resources */ = {isa = PBXBuildFile; fileRef = DDB663762411804C00D9EDFE /* Assets.xcassets */; };
/* End PBXBuildFile section */

/* Begin PBXFileReference section */
		35CEDFDAFACB8D05D833BE50 /* Pods_Pixels.framework */ = {isa = PBXFileReference; explicitFileType = wrapper.framework; includeInIndex = 0; path = Pods_Pixels.framework; sourceTree = BUILT_PRODUCTS_DIR; };
		6B5283AAA757C877E843C5AE /* Pods-Pixels.release.xcconfig */ = {isa = PBXFileReference; includeInIndex = 1; lastKnownFileType = text.xcconfig; name = "Pods-Pixels.release.xcconfig"; path = "Target Support Files/Pods-Pixels/Pods-Pixels.release.xcconfig"; sourceTree = "<group>"; };
		B39907D904E19132F252CFC8 /* Pods-Pixels.debug.xcconfig */ = {isa = PBXFileReference; includeInIndex = 1; lastKnownFileType = text.xcconfig; name = "Pods-Pixels.debug.xcconfig"; path = "Target Support Files/Pods-Pixels/Pods-Pixels.debug.xcconfig"; sourceTree = "<group>"; };
		DD0C80D2240D547F00DFC008 /* Pixels.app */ = {isa = PBXFileReference; explicitFileType = wrapper.application; includeInIndex = 0; path = Pixels.app; sourceTree = BUILT_PRODUCTS_DIR; };
		DD0C80D5240D547F00DFC008 /* AppDelegate.swift */ = {isa = PBXFileReference; lastKnownFileType = sourcecode.swift; path = AppDelegate.swift; sourceTree = "<group>"; };
		DD0C80D7240D547F00DFC008 /* SceneDelegate.swift */ = {isa = PBXFileReference; lastKnownFileType = sourcecode.swift; path = SceneDelegate.swift; sourceTree = "<group>"; };
		DD0C80DC240D547F00DFC008 /* Base */ = {isa = PBXFileReference; lastKnownFileType = file.storyboard; name = Base; path = Base.lproj/Main.storyboard; sourceTree = "<group>"; };
		DD0C80E1240D548100DFC008 /* Base */ = {isa = PBXFileReference; lastKnownFileType = file.storyboard; name = Base; path = Base.lproj/LaunchScreen.storyboard; sourceTree = "<group>"; };
		DD0C80E3240D548100DFC008 /* Info.plist */ = {isa = PBXFileReference; lastKnownFileType = text.plist.xml; path = Info.plist; sourceTree = "<group>"; };
		DD0C80F1240EF19400DFC008 /* LoginScreenViewController.swift */ = {isa = PBXFileReference; lastKnownFileType = sourcecode.swift; path = LoginScreenViewController.swift; sourceTree = "<group>"; };
		DD0C80F3240EF19E00DFC008 /* SignupViewController.swift */ = {isa = PBXFileReference; lastKnownFileType = sourcecode.swift; path = SignupViewController.swift; sourceTree = "<group>"; };
		DD0C80F5240EF1AF00DFC008 /* MemoriesViewController.swift */ = {isa = PBXFileReference; lastKnownFileType = sourcecode.swift; path = MemoriesViewController.swift; sourceTree = "<group>"; };
		DD0C80F7240EF1BC00DFC008 /* AddMemoryViewController.swift */ = {isa = PBXFileReference; lastKnownFileType = sourcecode.swift; path = AddMemoryViewController.swift; sourceTree = "<group>"; };
		DD0C80FA240F476600DFC008 /* Pixels.xcdatamodel */ = {isa = PBXFileReference; lastKnownFileType = wrapper.xcdatamodel; path = Pixels.xcdatamodel; sourceTree = "<group>"; };
		DD0C80FC240F47CF00DFC008 /* CoreDataStack.swift */ = {isa = PBXFileReference; lastKnownFileType = sourcecode.swift; path = CoreDataStack.swift; sourceTree = "<group>"; };
		DD0C80FE240F47DD00DFC008 /* Picture+Extension.swift */ = {isa = PBXFileReference; lastKnownFileType = sourcecode.swift; path = "Picture+Extension.swift"; sourceTree = "<group>"; };
		DD0C8101240F494800DFC008 /* PixelController.swift */ = {isa = PBXFileReference; lastKnownFileType = sourcecode.swift; path = PixelController.swift; sourceTree = "<group>"; };
		DD0C8104240F694700DFC008 /* PictureCollectionViewCell.swift */ = {isa = PBXFileReference; lastKnownFileType = sourcecode.swift; path = PictureCollectionViewCell.swift; sourceTree = "<group>"; };
		DD0C810624106F5700DFC008 /* NSManagedObjectContext.swift */ = {isa = PBXFileReference; lastKnownFileType = sourcecode.swift; path = NSManagedObjectContext.swift; sourceTree = "<group>"; };
		DD0C810824107A3C00DFC008 /* CustomButtons.swift */ = {isa = PBXFileReference; fileEncoding = 4; lastKnownFileType = sourcecode.swift; path = CustomButtons.swift; sourceTree = "<group>"; };
		DD0C810A2410B0C900DFC008 /* GoogleService-Info.plist */ = {isa = PBXFileReference; fileEncoding = 4; lastKnownFileType = text.plist.xml; path = "GoogleService-Info.plist"; sourceTree = "<group>"; };
		DDB663702410C3EA00D9EDFE /* User+Convenience.swift */ = {isa = PBXFileReference; lastKnownFileType = sourcecode.swift; path = "User+Convenience.swift"; sourceTree = "<group>"; };
		DDB663722410CAD600D9EDFE /* PictureRepresentation.swift */ = {isa = PBXFileReference; lastKnownFileType = sourcecode.swift; path = PictureRepresentation.swift; sourceTree = "<group>"; };
		DDB6637424115E7900D9EDFE /* http+secured.swift */ = {isa = PBXFileReference; lastKnownFileType = sourcecode.swift; path = "http+secured.swift"; sourceTree = "<group>"; };
		DDB663762411804C00D9EDFE /* Assets.xcassets */ = {isa = PBXFileReference; lastKnownFileType = folder.assetcatalog; name = Assets.xcassets; path = Pixels/Assets.xcassets; sourceTree = SOURCE_ROOT; };
/* End PBXFileReference section */

/* Begin PBXFrameworksBuildPhase section */
		DD0C80CF240D547F00DFC008 /* Frameworks */ = {
			isa = PBXFrameworksBuildPhase;
			buildActionMask = 2147483647;
			files = (
				40014FE2BC9CC9246CF82CE6 /* Pods_Pixels.framework in Frameworks */,
			);
			runOnlyForDeploymentPostprocessing = 0;
		};
/* End PBXFrameworksBuildPhase section */

/* Begin PBXGroup section */
		1087A69A9F679ECC00A1EF8A /* Frameworks */ = {
			isa = PBXGroup;
			children = (
				35CEDFDAFACB8D05D833BE50 /* Pods_Pixels.framework */,
			);
			name = Frameworks;
			sourceTree = "<group>";
		};
		42AF3B42F151635F881D1ABB /* Pods */ = {
			isa = PBXGroup;
			children = (
				B39907D904E19132F252CFC8 /* Pods-Pixels.debug.xcconfig */,
				6B5283AAA757C877E843C5AE /* Pods-Pixels.release.xcconfig */,
			);
			path = Pods;
			sourceTree = "<group>";
		};
		DD0C80C9240D547F00DFC008 = {
			isa = PBXGroup;
			children = (
				DD0C80D4240D547F00DFC008 /* Pixels */,
				DD0C80D3240D547F00DFC008 /* Products */,
				42AF3B42F151635F881D1ABB /* Pods */,
				1087A69A9F679ECC00A1EF8A /* Frameworks */,
			);
			sourceTree = "<group>";
		};
		DD0C80D3240D547F00DFC008 /* Products */ = {
			isa = PBXGroup;
			children = (
				DD0C80D2240D547F00DFC008 /* Pixels.app */,
			);
			name = Products;
			sourceTree = "<group>";
		};
		DD0C80D4240D547F00DFC008 /* Pixels */ = {
			isa = PBXGroup;
			children = (
				DD0C8103240F692700DFC008 /* CollectionViewCells */,
				DD0C8100240F493400DFC008 /* Model Controller */,
				DD0C80F0240EB65500DFC008 /* Model */,
				DD0C80EF240EB63E00DFC008 /* View Controllers */,
				DD0C80E9240D54AF00DFC008 /* Resources */,
				DD0C80EA240D54C000DFC008 /* Storyboards */,
				DD0C810A2410B0C900DFC008 /* GoogleService-Info.plist */,
				DD0C80E3240D548100DFC008 /* Info.plist */,
			);
			path = Pixels;
			sourceTree = "<group>";
		};
		DD0C80E9240D54AF00DFC008 /* Resources */ = {
			isa = PBXGroup;
			children = (
				DD0C810824107A3C00DFC008 /* CustomButtons.swift */,
				DDB6637424115E7900D9EDFE /* http+secured.swift */,
				DD0C80D5240D547F00DFC008 /* AppDelegate.swift */,
				DD0C80D7240D547F00DFC008 /* SceneDelegate.swift */,
				DD0C810624106F5700DFC008 /* NSManagedObjectContext.swift */,
			);
			path = Resources;
			sourceTree = "<group>";
		};
		DD0C80EA240D54C000DFC008 /* Storyboards */ = {
			isa = PBXGroup;
			children = (
				DD0C80DB240D547F00DFC008 /* Main.storyboard */,
				DD0C80E0240D548100DFC008 /* LaunchScreen.storyboard */,
				DDB663762411804C00D9EDFE /* Assets.xcassets */,
			);
			path = Storyboards;
			sourceTree = "<group>";
		};
		DD0C80EF240EB63E00DFC008 /* View Controllers */ = {
			isa = PBXGroup;
			children = (
				DD0C80F1240EF19400DFC008 /* LoginScreenViewController.swift */,
				DD0C80F3240EF19E00DFC008 /* SignupViewController.swift */,
				DD0C80F5240EF1AF00DFC008 /* MemoriesViewController.swift */,
				DD0C80F7240EF1BC00DFC008 /* AddMemoryViewController.swift */,
			);
			path = "View Controllers";
			sourceTree = "<group>";
		};
		DD0C80F0240EB65500DFC008 /* Model */ = {
			isa = PBXGroup;
			children = (
				DD0C80F9240F476600DFC008 /* Pixels.xcdatamodeld */,
				DD0C80FC240F47CF00DFC008 /* CoreDataStack.swift */,
				DDB663722410CAD600D9EDFE /* PictureRepresentation.swift */,
				DDB663702410C3EA00D9EDFE /* User+Convenience.swift */,
				DD0C80FE240F47DD00DFC008 /* Picture+Extension.swift */,
			);
			path = Model;
			sourceTree = "<group>";
		};
		DD0C8100240F493400DFC008 /* Model Controller */ = {
			isa = PBXGroup;
			children = (
				DD0C8101240F494800DFC008 /* PixelController.swift */,
			);
			path = "Model Controller";
			sourceTree = "<group>";
		};
		DD0C8103240F692700DFC008 /* CollectionViewCells */ = {
			isa = PBXGroup;
			children = (
				DD0C8104240F694700DFC008 /* PictureCollectionViewCell.swift */,
			);
			path = CollectionViewCells;
			sourceTree = "<group>";
		};
/* End PBXGroup section */

/* Begin PBXNativeTarget section */
		DD0C80D1240D547F00DFC008 /* Pixels */ = {
			isa = PBXNativeTarget;
			buildConfigurationList = DD0C80E6240D548100DFC008 /* Build configuration list for PBXNativeTarget "Pixels" */;
			buildPhases = (
				116F5D039DF5364C776EAC73 /* [CP] Check Pods Manifest.lock */,
				DD0C80CE240D547F00DFC008 /* Sources */,
				DD0C80CF240D547F00DFC008 /* Frameworks */,
				DD0C80D0240D547F00DFC008 /* Resources */,
				C4FE35A2E71D96F45CCDC66C /* [CP] Embed Pods Frameworks */,
			);
			buildRules = (
			);
			dependencies = (
			);
			name = Pixels;
			productName = Pixels;
			productReference = DD0C80D2240D547F00DFC008 /* Pixels.app */;
			productType = "com.apple.product-type.application";
		};
/* End PBXNativeTarget section */

/* Begin PBXProject section */
		DD0C80CA240D547F00DFC008 /* Project object */ = {
			isa = PBXProject;
			attributes = {
				LastSwiftUpdateCheck = 1130;
				LastUpgradeCheck = 1130;
				ORGANIZATIONNAME = "brian vilchez";
				TargetAttributes = {
					DD0C80D1240D547F00DFC008 = {
						CreatedOnToolsVersion = 11.3.1;
					};
				};
			};
			buildConfigurationList = DD0C80CD240D547F00DFC008 /* Build configuration list for PBXProject "Pixels" */;
			compatibilityVersion = "Xcode 9.3";
			developmentRegion = en;
			hasScannedForEncodings = 0;
			knownRegions = (
				en,
				Base,
			);
			mainGroup = DD0C80C9240D547F00DFC008;
			productRefGroup = DD0C80D3240D547F00DFC008 /* Products */;
			projectDirPath = "";
			projectRoot = "";
			targets = (
				DD0C80D1240D547F00DFC008 /* Pixels */,
			);
		};
/* End PBXProject section */

/* Begin PBXResourcesBuildPhase section */
		DD0C80D0240D547F00DFC008 /* Resources */ = {
			isa = PBXResourcesBuildPhase;
			buildActionMask = 2147483647;
			files = (
				DD0C80E2240D548100DFC008 /* LaunchScreen.storyboard in Resources */,
				DD0C810B2410B0C900DFC008 /* GoogleService-Info.plist in Resources */,
				DDB663772411804C00D9EDFE /* Assets.xcassets in Resources */,
				DD0C80DD240D547F00DFC008 /* Main.storyboard in Resources */,
			);
			runOnlyForDeploymentPostprocessing = 0;
		};
/* End PBXResourcesBuildPhase section */

/* Begin PBXShellScriptBuildPhase section */
		116F5D039DF5364C776EAC73 /* [CP] Check Pods Manifest.lock */ = {
			isa = PBXShellScriptBuildPhase;
			buildActionMask = 2147483647;
			files = (
			);
			inputFileListPaths = (
			);
			inputPaths = (
				"${PODS_PODFILE_DIR_PATH}/Podfile.lock",
				"${PODS_ROOT}/Manifest.lock",
			);
			name = "[CP] Check Pods Manifest.lock";
			outputFileListPaths = (
			);
			outputPaths = (
				"$(DERIVED_FILE_DIR)/Pods-Pixels-checkManifestLockResult.txt",
			);
			runOnlyForDeploymentPostprocessing = 0;
			shellPath = /bin/sh;
			shellScript = "diff \"${PODS_PODFILE_DIR_PATH}/Podfile.lock\" \"${PODS_ROOT}/Manifest.lock\" > /dev/null\nif [ $? != 0 ] ; then\n    # print error to STDERR\n    echo \"error: The sandbox is not in sync with the Podfile.lock. Run 'pod install' or update your CocoaPods installation.\" >&2\n    exit 1\nfi\n# This output is used by Xcode 'outputs' to avoid re-running this script phase.\necho \"SUCCESS\" > \"${SCRIPT_OUTPUT_FILE_0}\"\n";
			showEnvVarsInLog = 0;
		};
		C4FE35A2E71D96F45CCDC66C /* [CP] Embed Pods Frameworks */ = {
			isa = PBXShellScriptBuildPhase;
			buildActionMask = 2147483647;
			files = (
			);
			inputFileListPaths = (
				"${PODS_ROOT}/Target Support Files/Pods-Pixels/Pods-Pixels-frameworks-${CONFIGURATION}-input-files.xcfilelist",
			);
			name = "[CP] Embed Pods Frameworks";
			outputFileListPaths = (
				"${PODS_ROOT}/Target Support Files/Pods-Pixels/Pods-Pixels-frameworks-${CONFIGURATION}-output-files.xcfilelist",
			);
			runOnlyForDeploymentPostprocessing = 0;
			shellPath = /bin/sh;
			shellScript = "\"${PODS_ROOT}/Target Support Files/Pods-Pixels/Pods-Pixels-frameworks.sh\"\n";
			showEnvVarsInLog = 0;
		};
/* End PBXShellScriptBuildPhase section */

/* Begin PBXSourcesBuildPhase section */
		DD0C80CE240D547F00DFC008 /* Sources */ = {
			isa = PBXSourcesBuildPhase;
			buildActionMask = 2147483647;
			files = (
				DD0C80D6240D547F00DFC008 /* AppDelegate.swift in Sources */,
				DD0C810724106F5700DFC008 /* NSManagedObjectContext.swift in Sources */,
				DD0C8105240F694700DFC008 /* PictureCollectionViewCell.swift in Sources */,
				DDB6637524115E7900D9EDFE /* http+secured.swift in Sources */,
				DD0C80F6240EF1AF00DFC008 /* MemoriesViewController.swift in Sources */,
				DD0C80FF240F47DD00DFC008 /* Picture+Extension.swift in Sources */,
				DD0C80D8240D547F00DFC008 /* SceneDelegate.swift in Sources */,
				DDB663712410C3EA00D9EDFE /* User+Convenience.swift in Sources */,
				DD0C80F8240EF1BC00DFC008 /* AddMemoryViewController.swift in Sources */,
				DDB663732410CAD600D9EDFE /* PictureRepresentation.swift in Sources */,
				DD0C80F4240EF19E00DFC008 /* SignupViewController.swift in Sources */,
				DD0C80FB240F476600DFC008 /* Pixels.xcdatamodeld in Sources */,
				DD0C80F2240EF19400DFC008 /* LoginScreenViewController.swift in Sources */,
				DD0C810924107A3C00DFC008 /* CustomButtons.swift in Sources */,
				DD0C8102240F494800DFC008 /* PixelController.swift in Sources */,
				DD0C80FD240F47CF00DFC008 /* CoreDataStack.swift in Sources */,
			);
			runOnlyForDeploymentPostprocessing = 0;
		};
/* End PBXSourcesBuildPhase section */

/* Begin PBXVariantGroup section */
		DD0C80DB240D547F00DFC008 /* Main.storyboard */ = {
			isa = PBXVariantGroup;
			children = (
				DD0C80DC240D547F00DFC008 /* Base */,
			);
			name = Main.storyboard;
			sourceTree = "<group>";
		};
		DD0C80E0240D548100DFC008 /* LaunchScreen.storyboard */ = {
			isa = PBXVariantGroup;
			children = (
				DD0C80E1240D548100DFC008 /* Base */,
			);
			name = LaunchScreen.storyboard;
			sourceTree = "<group>";
		};
/* End PBXVariantGroup section */

/* Begin XCBuildConfiguration section */
		DD0C80E4240D548100DFC008 /* Debug */ = {
			isa = XCBuildConfiguration;
			buildSettings = {
				ALWAYS_SEARCH_USER_PATHS = NO;
				CLANG_ANALYZER_NONNULL = YES;
				CLANG_ANALYZER_NUMBER_OBJECT_CONVERSION = YES_AGGRESSIVE;
				CLANG_CXX_LANGUAGE_STANDARD = "gnu++14";
				CLANG_CXX_LIBRARY = "libc++";
				CLANG_ENABLE_MODULES = YES;
				CLANG_ENABLE_OBJC_ARC = YES;
				CLANG_ENABLE_OBJC_WEAK = YES;
				CLANG_WARN_BLOCK_CAPTURE_AUTORELEASING = YES;
				CLANG_WARN_BOOL_CONVERSION = YES;
				CLANG_WARN_COMMA = YES;
				CLANG_WARN_CONSTANT_CONVERSION = YES;
				CLANG_WARN_DEPRECATED_OBJC_IMPLEMENTATIONS = YES;
				CLANG_WARN_DIRECT_OBJC_ISA_USAGE = YES_ERROR;
				CLANG_WARN_DOCUMENTATION_COMMENTS = YES;
				CLANG_WARN_EMPTY_BODY = YES;
				CLANG_WARN_ENUM_CONVERSION = YES;
				CLANG_WARN_INFINITE_RECURSION = YES;
				CLANG_WARN_INT_CONVERSION = YES;
				CLANG_WARN_NON_LITERAL_NULL_CONVERSION = YES;
				CLANG_WARN_OBJC_IMPLICIT_RETAIN_SELF = YES;
				CLANG_WARN_OBJC_LITERAL_CONVERSION = YES;
				CLANG_WARN_OBJC_ROOT_CLASS = YES_ERROR;
				CLANG_WARN_RANGE_LOOP_ANALYSIS = YES;
				CLANG_WARN_STRICT_PROTOTYPES = YES;
				CLANG_WARN_SUSPICIOUS_MOVE = YES;
				CLANG_WARN_UNGUARDED_AVAILABILITY = YES_AGGRESSIVE;
				CLANG_WARN_UNREACHABLE_CODE = YES;
				CLANG_WARN__DUPLICATE_METHOD_MATCH = YES;
				COPY_PHASE_STRIP = NO;
				DEBUG_INFORMATION_FORMAT = dwarf;
				ENABLE_STRICT_OBJC_MSGSEND = YES;
				ENABLE_TESTABILITY = YES;
				GCC_C_LANGUAGE_STANDARD = gnu11;
				GCC_DYNAMIC_NO_PIC = NO;
				GCC_NO_COMMON_BLOCKS = YES;
				GCC_OPTIMIZATION_LEVEL = 0;
				GCC_PREPROCESSOR_DEFINITIONS = (
					"DEBUG=1",
					"$(inherited)",
				);
				GCC_WARN_64_TO_32_BIT_CONVERSION = YES;
				GCC_WARN_ABOUT_RETURN_TYPE = YES_ERROR;
				GCC_WARN_UNDECLARED_SELECTOR = YES;
				GCC_WARN_UNINITIALIZED_AUTOS = YES_AGGRESSIVE;
				GCC_WARN_UNUSED_FUNCTION = YES;
				GCC_WARN_UNUSED_VARIABLE = YES;
				IPHONEOS_DEPLOYMENT_TARGET = 13.2;
				MTL_ENABLE_DEBUG_INFO = INCLUDE_SOURCE;
				MTL_FAST_MATH = YES;
				ONLY_ACTIVE_ARCH = YES;
				SDKROOT = iphoneos;
				SWIFT_ACTIVE_COMPILATION_CONDITIONS = DEBUG;
				SWIFT_OPTIMIZATION_LEVEL = "-Onone";
			};
			name = Debug;
		};
		DD0C80E5240D548100DFC008 /* Release */ = {
			isa = XCBuildConfiguration;
			buildSettings = {
				ALWAYS_SEARCH_USER_PATHS = NO;
				CLANG_ANALYZER_NONNULL = YES;
				CLANG_ANALYZER_NUMBER_OBJECT_CONVERSION = YES_AGGRESSIVE;
				CLANG_CXX_LANGUAGE_STANDARD = "gnu++14";
				CLANG_CXX_LIBRARY = "libc++";
				CLANG_ENABLE_MODULES = YES;
				CLANG_ENABLE_OBJC_ARC = YES;
				CLANG_ENABLE_OBJC_WEAK = YES;
				CLANG_WARN_BLOCK_CAPTURE_AUTORELEASING = YES;
				CLANG_WARN_BOOL_CONVERSION = YES;
				CLANG_WARN_COMMA = YES;
				CLANG_WARN_CONSTANT_CONVERSION = YES;
				CLANG_WARN_DEPRECATED_OBJC_IMPLEMENTATIONS = YES;
				CLANG_WARN_DIRECT_OBJC_ISA_USAGE = YES_ERROR;
				CLANG_WARN_DOCUMENTATION_COMMENTS = YES;
				CLANG_WARN_EMPTY_BODY = YES;
				CLANG_WARN_ENUM_CONVERSION = YES;
				CLANG_WARN_INFINITE_RECURSION = YES;
				CLANG_WARN_INT_CONVERSION = YES;
				CLANG_WARN_NON_LITERAL_NULL_CONVERSION = YES;
				CLANG_WARN_OBJC_IMPLICIT_RETAIN_SELF = YES;
				CLANG_WARN_OBJC_LITERAL_CONVERSION = YES;
				CLANG_WARN_OBJC_ROOT_CLASS = YES_ERROR;
				CLANG_WARN_RANGE_LOOP_ANALYSIS = YES;
				CLANG_WARN_STRICT_PROTOTYPES = YES;
				CLANG_WARN_SUSPICIOUS_MOVE = YES;
				CLANG_WARN_UNGUARDED_AVAILABILITY = YES_AGGRESSIVE;
				CLANG_WARN_UNREACHABLE_CODE = YES;
				CLANG_WARN__DUPLICATE_METHOD_MATCH = YES;
				COPY_PHASE_STRIP = NO;
				DEBUG_INFORMATION_FORMAT = "dwarf-with-dsym";
				ENABLE_NS_ASSERTIONS = NO;
				ENABLE_STRICT_OBJC_MSGSEND = YES;
				GCC_C_LANGUAGE_STANDARD = gnu11;
				GCC_NO_COMMON_BLOCKS = YES;
				GCC_WARN_64_TO_32_BIT_CONVERSION = YES;
				GCC_WARN_ABOUT_RETURN_TYPE = YES_ERROR;
				GCC_WARN_UNDECLARED_SELECTOR = YES;
				GCC_WARN_UNINITIALIZED_AUTOS = YES_AGGRESSIVE;
				GCC_WARN_UNUSED_FUNCTION = YES;
				GCC_WARN_UNUSED_VARIABLE = YES;
				IPHONEOS_DEPLOYMENT_TARGET = 13.2;
				MTL_ENABLE_DEBUG_INFO = NO;
				MTL_FAST_MATH = YES;
				SDKROOT = iphoneos;
				SWIFT_COMPILATION_MODE = wholemodule;
				SWIFT_OPTIMIZATION_LEVEL = "-O";
				VALIDATE_PRODUCT = YES;
			};
			name = Release;
		};
		DD0C80E7240D548100DFC008 /* Debug */ = {
			isa = XCBuildConfiguration;
			baseConfigurationReference = B39907D904E19132F252CFC8 /* Pods-Pixels.debug.xcconfig */;
			buildSettings = {
				ASSETCATALOG_COMPILER_APPICON_NAME = AppIcon;
				CODE_SIGN_STYLE = Automatic;
				DEVELOPMENT_TEAM = HG3WUJ8982;
				INFOPLIST_FILE = Pixels/Info.plist;
				LD_RUNPATH_SEARCH_PATHS = (
					"$(inherited)",
					"@executable_path/Frameworks",
				);
				PRODUCT_BUNDLE_IDENTIFIER = brianvilchez.Pixels;
				PRODUCT_NAME = "$(TARGET_NAME)";
				SWIFT_VERSION = 5.0;
				TARGETED_DEVICE_FAMILY = "1,2";
			};
			name = Debug;
		};
		DD0C80E8240D548100DFC008 /* Release */ = {
			isa = XCBuildConfiguration;
			baseConfigurationReference = 6B5283AAA757C877E843C5AE /* Pods-Pixels.release.xcconfig */;
			buildSettings = {
				ASSETCATALOG_COMPILER_APPICON_NAME = AppIcon;
				CODE_SIGN_STYLE = Automatic;
				DEVELOPMENT_TEAM = HG3WUJ8982;
				INFOPLIST_FILE = Pixels/Info.plist;
				LD_RUNPATH_SEARCH_PATHS = (
					"$(inherited)",
					"@executable_path/Frameworks",
				);
				PRODUCT_BUNDLE_IDENTIFIER = brianvilchez.Pixels;
				PRODUCT_NAME = "$(TARGET_NAME)";
				SWIFT_VERSION = 5.0;
				TARGETED_DEVICE_FAMILY = "1,2";
			};
			name = Release;
		};
/* End XCBuildConfiguration section */

/* Begin XCConfigurationList section */
		DD0C80CD240D547F00DFC008 /* Build configuration list for PBXProject "Pixels" */ = {
			isa = XCConfigurationList;
			buildConfigurations = (
				DD0C80E4240D548100DFC008 /* Debug */,
				DD0C80E5240D548100DFC008 /* Release */,
			);
			defaultConfigurationIsVisible = 0;
			defaultConfigurationName = Release;
		};
		DD0C80E6240D548100DFC008 /* Build configuration list for PBXNativeTarget "Pixels" */ = {
			isa = XCConfigurationList;
			buildConfigurations = (
				DD0C80E7240D548100DFC008 /* Debug */,
				DD0C80E8240D548100DFC008 /* Release */,
			);
			defaultConfigurationIsVisible = 0;
			defaultConfigurationName = Release;
		};
/* End XCConfigurationList section */

/* Begin XCVersionGroup section */
		DD0C80F9240F476600DFC008 /* Pixels.xcdatamodeld */ = {
			isa = XCVersionGroup;
			children = (
				DD0C80FA240F476600DFC008 /* Pixels.xcdatamodel */,
			);
			currentVersion = DD0C80FA240F476600DFC008 /* Pixels.xcdatamodel */;
			path = Pixels.xcdatamodeld;
			sourceTree = "<group>";
			versionGroupType = wrapper.xcdatamodel;
		};
/* End XCVersionGroup section */
	};
	rootObject = DD0C80CA240D547F00DFC008 /* Project object */;
}
